
Microsoft Visual Studio Solution File, Format Version 12.00
# Visual Studio 15
VisualStudioVersion = 15.0.28307.1433
MinimumVisualStudioVersion = 10.0.40219.1
Project("{FAE04EC0-301F-11D3-BF4B-00C04F79EFBC}") = "LighthouseApp", "LighthouseApp\LighthouseApp.csproj", "{C6FABD77-265A-4AD0-852C-7B81EBF116AB}"
EndProject
Project("{FAE04EC0-301F-11D3-BF4B-00C04F79EFBC}") = "POM", "POM\POM.csproj", "{6BB5C609-85D8-4803-9391-8ECA98E61CB7}"
EndProject
Project("{FAE04EC0-301F-11D3-BF4B-00C04F79EFBC}") = "Reports", "Reports\Reports.csproj", "{988BB601-52CD-4A85-9E33-A46ECA8D670F}"
EndProject
Global
	GlobalSection(SolutionConfigurationPlatforms) = preSolution
		Debug|Any CPU = Debug|Any CPU
		Release|Any CPU = Release|Any CPU
	EndGlobalSection
	GlobalSection(ProjectConfigurationPlatforms) = postSolution
		{C6FABD77-265A-4AD0-852C-7B81EBF116AB}.Debug|Any CPU.ActiveCfg = Debug|Any CPU
		{C6FABD77-265A-4AD0-852C-7B81EBF116AB}.Debug|Any CPU.Build.0 = Debug|Any CPU
		{C6FABD77-265A-4AD0-852C-7B81EBF116AB}.Release|Any CPU.ActiveCfg = Release|Any CPU
		{C6FABD77-265A-4AD0-852C-7B81EBF116AB}.Release|Any CPU.Build.0 = Release|Any CPU
		{6BB5C609-85D8-4803-9391-8ECA98E61CB7}.Debug|Any CPU.ActiveCfg = Debug|Any CPU
		{6BB5C609-85D8-4803-9391-8ECA98E61CB7}.Debug|Any CPU.Build.0 = Debug|Any CPU
		{6BB5C609-85D8-4803-9391-8ECA98E61CB7}.Release|Any CPU.ActiveCfg = Release|Any CPU
		{6BB5C609-85D8-4803-9391-8ECA98E61CB7}.Release|Any CPU.Build.0 = Release|Any CPU
		{988BB601-52CD-4A85-9E33-A46ECA8D670F}.Debug|Any CPU.ActiveCfg = Debug|Any CPU
		{988BB601-52CD-4A85-9E33-A46ECA8D670F}.Debug|Any CPU.Build.0 = Debug|Any CPU
		{988BB601-52CD-4A85-9E33-A46ECA8D670F}.Release|Any CPU.ActiveCfg = Release|Any CPU
		{988BB601-52CD-4A85-9E33-A46ECA8D670F}.Release|Any CPU.Build.0 = Release|Any CPU
	EndGlobalSection
	GlobalSection(SolutionProperties) = preSolution
		HideSolutionNode = FALSE
	EndGlobalSection
	GlobalSection(ExtensibilityGlobals) = postSolution
		SolutionGuid = {F3A00065-D74E-4AF7-B700-28CC820CF8B6}
	EndGlobalSection
EndGlobal
